
Microsoft Visual Studio Solution File, Format Version 11.00
# Visual Studio 2010
Project("{FAE04EC0-301F-11D3-BF4B-00C04F79EFBC}") = "ClientResourceAdmin", "ClientResourceAdmin.csproj", "{39718C57-6E9A-4D13-8EA4-53CCBF949275}"
EndProject
Global
	GlobalSection(SolutionConfigurationPlatforms) = preSolution
		Debug|Any CPU = Debug|Any CPU
		Release|Any CPU = Release|Any CPU
	EndGlobalSection
	GlobalSection(ProjectConfigurationPlatforms) = postSolution
		{39718C57-6E9A-4D13-8EA4-53CCBF949275}.Debug|Any CPU.ActiveCfg = Debug|Any CPU
		{39718C57-6E9A-4D13-8EA4-53CCBF949275}.Debug|Any CPU.Build.0 = Debug|Any CPU
		{39718C57-6E9A-4D13-8EA4-53CCBF949275}.Release|Any CPU.ActiveCfg = Release|Any CPU
		{39718C57-6E9A-4D13-8EA4-53CCBF949275}.Release|Any CPU.Build.0 = Release|Any CPU
	EndGlobalSection
	GlobalSection(SolutionProperties) = preSolution
		HideSolutionNode = FALSE
	EndGlobalSection
EndGlobal
